
Microsoft Visual Studio Solution File, Format Version 12.00
# Visual Studio Version 17
VisualStudioVersion = 17.13.36105.23
MinimumVisualStudioVersion = 10.0.40219.1
Project("{FAE04EC0-301F-11D3-BF4B-00C04F79EFBC}") = "Api", "Api\Api.csproj", "{9E0033A2-4FD2-4FF2-9206-A3122F67CA13}"
EndProject
Project("{FAE04EC0-301F-11D3-BF4B-00C04F79EFBC}") = "DAL", "DAL\DAL.csproj", "{940D2D32-9373-43B1-BF1A-FDCD36243CC5}"
EndProject
Project("{FAE04EC0-301F-11D3-BF4B-00C04F79EFBC}") = "DAL_Parqueadero", "DAL_P\DAL_Parqueadero.csproj", "{2E895B68-7E77-4929-8048-0BBEF7322CD0}"
EndProject
Global
	GlobalSection(SolutionConfigurationPlatforms) = preSolution
		Debug|Any CPU = Debug|Any CPU
		Release|Any CPU = Release|Any CPU
	EndGlobalSection
	GlobalSection(ProjectConfigurationPlatforms) = postSolution
		{9E0033A2-4FD2-4FF2-9206-A3122F67CA13}.Debug|Any CPU.ActiveCfg = Debug|Any CPU
		{9E0033A2-4FD2-4FF2-9206-A3122F67CA13}.Debug|Any CPU.Build.0 = Debug|Any CPU
		{9E0033A2-4FD2-4FF2-9206-A3122F67CA13}.Release|Any CPU.ActiveCfg = Release|Any CPU
		{9E0033A2-4FD2-4FF2-9206-A3122F67CA13}.Release|Any CPU.Build.0 = Release|Any CPU
		{940D2D32-9373-43B1-BF1A-FDCD36243CC5}.Debug|Any CPU.ActiveCfg = Debug|Any CPU
		{940D2D32-9373-43B1-BF1A-FDCD36243CC5}.Debug|Any CPU.Build.0 = Debug|Any CPU
		{940D2D32-9373-43B1-BF1A-FDCD36243CC5}.Release|Any CPU.ActiveCfg = Release|Any CPU
		{940D2D32-9373-43B1-BF1A-FDCD36243CC5}.Release|Any CPU.Build.0 = Release|Any CPU
		{2E895B68-7E77-4929-8048-0BBEF7322CD0}.Debug|Any CPU.ActiveCfg = Debug|Any CPU
		{2E895B68-7E77-4929-8048-0BBEF7322CD0}.Debug|Any CPU.Build.0 = Debug|Any CPU
		{2E895B68-7E77-4929-8048-0BBEF7322CD0}.Release|Any CPU.ActiveCfg = Release|Any CPU
		{2E895B68-7E77-4929-8048-0BBEF7322CD0}.Release|Any CPU.Build.0 = Release|Any CPU
	EndGlobalSection
	GlobalSection(SolutionProperties) = preSolution
		HideSolutionNode = FALSE
	EndGlobalSection
	GlobalSection(ExtensibilityGlobals) = postSolution
		SolutionGuid = {4F9A03B2-4C99-48B9-B56B-D9429D5318E9}
	EndGlobalSection
EndGlobal
